
Microsoft Visual Studio Solution File, Format Version 12.00
# Visual Studio 15
VisualStudioVersion = 15.0.28307.705
MinimumVisualStudioVersion = 10.0.40219.1
Project("{9A19103F-16F7-4668-BE54-9A1E7A4F7556}") = "Willow.Demo.Api", "src\Willow.Demo.Api\Willow.Demo.Api.csproj", "{756BE36D-6DA8-4932-A9EC-805D4D79BEEB}"
EndProject
Project("{9A19103F-16F7-4668-BE54-9A1E7A4F7556}") = "Willow.Demo.Data", "src\Willow.Demo.Data\Willow.Demo.Data.csproj", "{963AF794-5986-492A-9E43-848D3C545A44}"
EndProject
Project("{2150E333-8FDC-42A3-9474-1A3956D46DE8}") = "src", "src", "{88B336E5-C562-460C-9BD7-C09ADBCDCE18}"
EndProject
Project("{2150E333-8FDC-42A3-9474-1A3956D46DE8}") = "tests", "tests", "{10A6D7ED-9E1A-46F0-9358-FB44294F624C}"
EndProject
Project("{9A19103F-16F7-4668-BE54-9A1E7A4F7556}") = "Willow.Demo.Service", "src\Willow.Demo.Service\Willow.Demo.Service.csproj", "{14BB5C6D-9E04-4B76-ABBD-DD84A3E5C775}"
EndProject
Project("{9A19103F-16F7-4668-BE54-9A1E7A4F7556}") = "Willow.Demo.Unit", "tests\Willow.Demo.Unit\Willow.Demo.Unit.csproj", "{642F83B6-22AC-48E3-BFAB-729EC78E345E}"
EndProject
Global
	GlobalSection(SolutionConfigurationPlatforms) = preSolution
		Debug|Any CPU = Debug|Any CPU
		Release|Any CPU = Release|Any CPU
	EndGlobalSection
	GlobalSection(ProjectConfigurationPlatforms) = postSolution
		{756BE36D-6DA8-4932-A9EC-805D4D79BEEB}.Debug|Any CPU.ActiveCfg = Debug|Any CPU
		{756BE36D-6DA8-4932-A9EC-805D4D79BEEB}.Debug|Any CPU.Build.0 = Debug|Any CPU
		{756BE36D-6DA8-4932-A9EC-805D4D79BEEB}.Release|Any CPU.ActiveCfg = Release|Any CPU
		{756BE36D-6DA8-4932-A9EC-805D4D79BEEB}.Release|Any CPU.Build.0 = Release|Any CPU
		{963AF794-5986-492A-9E43-848D3C545A44}.Debug|Any CPU.ActiveCfg = Debug|Any CPU
		{963AF794-5986-492A-9E43-848D3C545A44}.Debug|Any CPU.Build.0 = Debug|Any CPU
		{963AF794-5986-492A-9E43-848D3C545A44}.Release|Any CPU.ActiveCfg = Release|Any CPU
		{963AF794-5986-492A-9E43-848D3C545A44}.Release|Any CPU.Build.0 = Release|Any CPU
		{14BB5C6D-9E04-4B76-ABBD-DD84A3E5C775}.Debug|Any CPU.ActiveCfg = Debug|Any CPU
		{14BB5C6D-9E04-4B76-ABBD-DD84A3E5C775}.Debug|Any CPU.Build.0 = Debug|Any CPU
		{14BB5C6D-9E04-4B76-ABBD-DD84A3E5C775}.Release|Any CPU.ActiveCfg = Release|Any CPU
		{14BB5C6D-9E04-4B76-ABBD-DD84A3E5C775}.Release|Any CPU.Build.0 = Release|Any CPU
		{642F83B6-22AC-48E3-BFAB-729EC78E345E}.Debug|Any CPU.ActiveCfg = Debug|Any CPU
		{642F83B6-22AC-48E3-BFAB-729EC78E345E}.Debug|Any CPU.Build.0 = Debug|Any CPU
		{642F83B6-22AC-48E3-BFAB-729EC78E345E}.Release|Any CPU.ActiveCfg = Release|Any CPU
		{642F83B6-22AC-48E3-BFAB-729EC78E345E}.Release|Any CPU.Build.0 = Release|Any CPU
	EndGlobalSection
	GlobalSection(SolutionProperties) = preSolution
		HideSolutionNode = FALSE
	EndGlobalSection
	GlobalSection(NestedProjects) = preSolution
		{756BE36D-6DA8-4932-A9EC-805D4D79BEEB} = {88B336E5-C562-460C-9BD7-C09ADBCDCE18}
		{963AF794-5986-492A-9E43-848D3C545A44} = {88B336E5-C562-460C-9BD7-C09ADBCDCE18}
		{14BB5C6D-9E04-4B76-ABBD-DD84A3E5C775} = {88B336E5-C562-460C-9BD7-C09ADBCDCE18}
		{642F83B6-22AC-48E3-BFAB-729EC78E345E} = {10A6D7ED-9E1A-46F0-9358-FB44294F624C}
	EndGlobalSection
	GlobalSection(ExtensibilityGlobals) = postSolution
		SolutionGuid = {CEC1C2BA-F109-42B1-BF57-B7785E191292}
	EndGlobalSection
EndGlobal
